
Microsoft Visual Studio Solution File, Format Version 12.00
# Visual Studio 15
VisualStudioVersion = 15.0.26124.0
MinimumVisualStudioVersion = 15.0.26124.0
Project("{FAE04EC0-301F-11D3-BF4B-00C04F79EFBC}") = "Application", "Api.Application\Application.csproj", "{9AB0A37B-07A8-4BB8-BFA8-A33FB16DA90A}"
EndProject
Project("{FAE04EC0-301F-11D3-BF4B-00C04F79EFBC}") = "Domain", "Api.Domain\Domain.csproj", "{674C3688-DA5F-4D83-8856-F93C9B0A104F}"
EndProject
Project("{FAE04EC0-301F-11D3-BF4B-00C04F79EFBC}") = "CrossCutting", "Api.CrossCutting\CrossCutting.csproj", "{B2A6ACF4-025F-42FC-BFC4-9126C7051D14}"
EndProject
Project("{FAE04EC0-301F-11D3-BF4B-00C04F79EFBC}") = "Data", "Api.Data\Data.csproj", "{62B8EAD3-35F5-472E-8074-CFE1DAE4CA07}"
EndProject
Project("{FAE04EC0-301F-11D3-BF4B-00C04F79EFBC}") = "Service", "Api.Service\Service.csproj", "{F6E3B33B-D320-41D3-9F1E-B10CB590CE8C}"
EndProject
Project("{FAE04EC0-301F-11D3-BF4B-00C04F79EFBC}") = "Api.Data.Test", "Api.Data.Test\Api.Data.Test.csproj", "{2AD8019A-AB85-4DD6-AC64-51566E3520A2}"
EndProject
Project("{FAE04EC0-301F-11D3-BF4B-00C04F79EFBC}") = "Api.Services.Test", "Api.Service.Test\Api.Services.Test.csproj", "{6982C4C5-BA82-4A63-9AB5-C8B6E8EF223A}"
EndProject
Project("{FAE04EC0-301F-11D3-BF4B-00C04F79EFBC}") = "Api.Application.Test", "Api.Application.Test\Api.Application.Test.csproj", "{9E4B923E-4CAA-4077-A17D-BD713E8000FF}"
EndProject
Project("{FAE04EC0-301F-11D3-BF4B-00C04F79EFBC}") = "Api.Integration.Test", "Api.Integration.Test\Api.Integration.Test.csproj", "{7131B9F5-8F72-4BE2-A349-F218895BB5EE}"
EndProject
Global
	GlobalSection(SolutionConfigurationPlatforms) = preSolution
		Debug|Any CPU = Debug|Any CPU
		Debug|x64 = Debug|x64
		Debug|x86 = Debug|x86
		Release|Any CPU = Release|Any CPU
		Release|x64 = Release|x64
		Release|x86 = Release|x86
	EndGlobalSection
	GlobalSection(SolutionProperties) = preSolution
		HideSolutionNode = FALSE
	EndGlobalSection
	GlobalSection(ProjectConfigurationPlatforms) = postSolution
		{9AB0A37B-07A8-4BB8-BFA8-A33FB16DA90A}.Debug|Any CPU.ActiveCfg = Debug|Any CPU
		{9AB0A37B-07A8-4BB8-BFA8-A33FB16DA90A}.Debug|Any CPU.Build.0 = Debug|Any CPU
		{9AB0A37B-07A8-4BB8-BFA8-A33FB16DA90A}.Debug|x64.ActiveCfg = Debug|Any CPU
		{9AB0A37B-07A8-4BB8-BFA8-A33FB16DA90A}.Debug|x64.Build.0 = Debug|Any CPU
		{9AB0A37B-07A8-4BB8-BFA8-A33FB16DA90A}.Debug|x86.ActiveCfg = Debug|Any CPU
		{9AB0A37B-07A8-4BB8-BFA8-A33FB16DA90A}.Debug|x86.Build.0 = Debug|Any CPU
		{9AB0A37B-07A8-4BB8-BFA8-A33FB16DA90A}.Release|Any CPU.ActiveCfg = Release|Any CPU
		{9AB0A37B-07A8-4BB8-BFA8-A33FB16DA90A}.Release|Any CPU.Build.0 = Release|Any CPU
		{9AB0A37B-07A8-4BB8-BFA8-A33FB16DA90A}.Release|x64.ActiveCfg = Release|Any CPU
		{9AB0A37B-07A8-4BB8-BFA8-A33FB16DA90A}.Release|x64.Build.0 = Release|Any CPU
		{9AB0A37B-07A8-4BB8-BFA8-A33FB16DA90A}.Release|x86.ActiveCfg = Release|Any CPU
		{9AB0A37B-07A8-4BB8-BFA8-A33FB16DA90A}.Release|x86.Build.0 = Release|Any CPU
		{674C3688-DA5F-4D83-8856-F93C9B0A104F}.Debug|Any CPU.ActiveCfg = Debug|Any CPU
		{674C3688-DA5F-4D83-8856-F93C9B0A104F}.Debug|Any CPU.Build.0 = Debug|Any CPU
		{674C3688-DA5F-4D83-8856-F93C9B0A104F}.Debug|x64.ActiveCfg = Debug|Any CPU
		{674C3688-DA5F-4D83-8856-F93C9B0A104F}.Debug|x64.Build.0 = Debug|Any CPU
		{674C3688-DA5F-4D83-8856-F93C9B0A104F}.Debug|x86.ActiveCfg = Debug|Any CPU
		{674C3688-DA5F-4D83-8856-F93C9B0A104F}.Debug|x86.Build.0 = Debug|Any CPU
		{674C3688-DA5F-4D83-8856-F93C9B0A104F}.Release|Any CPU.ActiveCfg = Release|Any CPU
		{674C3688-DA5F-4D83-8856-F93C9B0A104F}.Release|Any CPU.Build.0 = Release|Any CPU
		{674C3688-DA5F-4D83-8856-F93C9B0A104F}.Release|x64.ActiveCfg = Release|Any CPU
		{674C3688-DA5F-4D83-8856-F93C9B0A104F}.Release|x64.Build.0 = Release|Any CPU
		{674C3688-DA5F-4D83-8856-F93C9B0A104F}.Release|x86.ActiveCfg = Release|Any CPU
		{674C3688-DA5F-4D83-8856-F93C9B0A104F}.Release|x86.Build.0 = Release|Any CPU
		{B2A6ACF4-025F-42FC-BFC4-9126C7051D14}.Debug|Any CPU.ActiveCfg = Debug|Any CPU
		{B2A6ACF4-025F-42FC-BFC4-9126C7051D14}.Debug|Any CPU.Build.0 = Debug|Any CPU
		{B2A6ACF4-025F-42FC-BFC4-9126C7051D14}.Debug|x64.ActiveCfg = Debug|Any CPU
		{B2A6ACF4-025F-42FC-BFC4-9126C7051D14}.Debug|x64.Build.0 = Debug|Any CPU
		{B2A6ACF4-025F-42FC-BFC4-9126C7051D14}.Debug|x86.ActiveCfg = Debug|Any CPU
		{B2A6ACF4-025F-42FC-BFC4-9126C7051D14}.Debug|x86.Build.0 = Debug|Any CPU
		{B2A6ACF4-025F-42FC-BFC4-9126C7051D14}.Release|Any CPU.ActiveCfg = Release|Any CPU
		{B2A6ACF4-025F-42FC-BFC4-9126C7051D14}.Release|Any CPU.Build.0 = Release|Any CPU
		{B2A6ACF4-025F-42FC-BFC4-9126C7051D14}.Release|x64.ActiveCfg = Release|Any CPU
		{B2A6ACF4-025F-42FC-BFC4-9126C7051D14}.Release|x64.Build.0 = Release|Any CPU
		{B2A6ACF4-025F-42FC-BFC4-9126C7051D14}.Release|x86.ActiveCfg = Release|Any CPU
		{B2A6ACF4-025F-42FC-BFC4-9126C7051D14}.Release|x86.Build.0 = Release|Any CPU
		{62B8EAD3-35F5-472E-8074-CFE1DAE4CA07}.Debug|Any CPU.ActiveCfg = Debug|Any CPU
		{62B8EAD3-35F5-472E-8074-CFE1DAE4CA07}.Debug|Any CPU.Build.0 = Debug|Any CPU
		{62B8EAD3-35F5-472E-8074-CFE1DAE4CA07}.Debug|x64.ActiveCfg = Debug|Any CPU
		{62B8EAD3-35F5-472E-8074-CFE1DAE4CA07}.Debug|x64.Build.0 = Debug|Any CPU
		{62B8EAD3-35F5-472E-8074-CFE1DAE4CA07}.Debug|x86.ActiveCfg = Debug|Any CPU
		{62B8EAD3-35F5-472E-8074-CFE1DAE4CA07}.Debug|x86.Build.0 = Debug|Any CPU
		{62B8EAD3-35F5-472E-8074-CFE1DAE4CA07}.Release|Any CPU.ActiveCfg = Release|Any CPU
		{62B8EAD3-35F5-472E-8074-CFE1DAE4CA07}.Release|Any CPU.Build.0 = Release|Any CPU
		{62B8EAD3-35F5-472E-8074-CFE1DAE4CA07}.Release|x64.ActiveCfg = Release|Any CPU
		{62B8EAD3-35F5-472E-8074-CFE1DAE4CA07}.Release|x64.Build.0 = Release|Any CPU
		{62B8EAD3-35F5-472E-8074-CFE1DAE4CA07}.Release|x86.ActiveCfg = Release|Any CPU
		{62B8EAD3-35F5-472E-8074-CFE1DAE4CA07}.Release|x86.Build.0 = Release|Any CPU
		{F6E3B33B-D320-41D3-9F1E-B10CB590CE8C}.Debug|Any CPU.ActiveCfg = Debug|Any CPU
		{F6E3B33B-D320-41D3-9F1E-B10CB590CE8C}.Debug|Any CPU.Build.0 = Debug|Any CPU
		{F6E3B33B-D320-41D3-9F1E-B10CB590CE8C}.Debug|x64.ActiveCfg = Debug|Any CPU
		{F6E3B33B-D320-41D3-9F1E-B10CB590CE8C}.Debug|x64.Build.0 = Debug|Any CPU
		{F6E3B33B-D320-41D3-9F1E-B10CB590CE8C}.Debug|x86.ActiveCfg = Debug|Any CPU
		{F6E3B33B-D320-41D3-9F1E-B10CB590CE8C}.Debug|x86.Build.0 = Debug|Any CPU
		{F6E3B33B-D320-41D3-9F1E-B10CB590CE8C}.Release|Any CPU.ActiveCfg = Release|Any CPU
		{F6E3B33B-D320-41D3-9F1E-B10CB590CE8C}.Release|Any CPU.Build.0 = Release|Any CPU
		{F6E3B33B-D320-41D3-9F1E-B10CB590CE8C}.Release|x64.ActiveCfg = Release|Any CPU
		{F6E3B33B-D320-41D3-9F1E-B10CB590CE8C}.Release|x64.Build.0 = Release|Any CPU
		{F6E3B33B-D320-41D3-9F1E-B10CB590CE8C}.Release|x86.ActiveCfg = Release|Any CPU
		{F6E3B33B-D320-41D3-9F1E-B10CB590CE8C}.Release|x86.Build.0 = Release|Any CPU
		{2AD8019A-AB85-4DD6-AC64-51566E3520A2}.Debug|Any CPU.ActiveCfg = Debug|Any CPU
		{2AD8019A-AB85-4DD6-AC64-51566E3520A2}.Debug|Any CPU.Build.0 = Debug|Any CPU
		{2AD8019A-AB85-4DD6-AC64-51566E3520A2}.Debug|x64.ActiveCfg = Debug|Any CPU
		{2AD8019A-AB85-4DD6-AC64-51566E3520A2}.Debug|x64.Build.0 = Debug|Any CPU
		{2AD8019A-AB85-4DD6-AC64-51566E3520A2}.Debug|x86.ActiveCfg = Debug|Any CPU
		{2AD8019A-AB85-4DD6-AC64-51566E3520A2}.Debug|x86.Build.0 = Debug|Any CPU
		{2AD8019A-AB85-4DD6-AC64-51566E3520A2}.Release|Any CPU.ActiveCfg = Release|Any CPU
		{2AD8019A-AB85-4DD6-AC64-51566E3520A2}.Release|Any CPU.Build.0 = Release|Any CPU
		{2AD8019A-AB85-4DD6-AC64-51566E3520A2}.Release|x64.ActiveCfg = Release|Any CPU
		{2AD8019A-AB85-4DD6-AC64-51566E3520A2}.Release|x64.Build.0 = Release|Any CPU
		{2AD8019A-AB85-4DD6-AC64-51566E3520A2}.Release|x86.ActiveCfg = Release|Any CPU
		{2AD8019A-AB85-4DD6-AC64-51566E3520A2}.Release|x86.Build.0 = Release|Any CPU
		{6982C4C5-BA82-4A63-9AB5-C8B6E8EF223A}.Debug|Any CPU.ActiveCfg = Debug|Any CPU
		{6982C4C5-BA82-4A63-9AB5-C8B6E8EF223A}.Debug|Any CPU.Build.0 = Debug|Any CPU
		{6982C4C5-BA82-4A63-9AB5-C8B6E8EF223A}.Debug|x64.ActiveCfg = Debug|Any CPU
		{6982C4C5-BA82-4A63-9AB5-C8B6E8EF223A}.Debug|x64.Build.0 = Debug|Any CPU
		{6982C4C5-BA82-4A63-9AB5-C8B6E8EF223A}.Debug|x86.ActiveCfg = Debug|Any CPU
		{6982C4C5-BA82-4A63-9AB5-C8B6E8EF223A}.Debug|x86.Build.0 = Debug|Any CPU
		{6982C4C5-BA82-4A63-9AB5-C8B6E8EF223A}.Release|Any CPU.ActiveCfg = Release|Any CPU
		{6982C4C5-BA82-4A63-9AB5-C8B6E8EF223A}.Release|Any CPU.Build.0 = Release|Any CPU
		{6982C4C5-BA82-4A63-9AB5-C8B6E8EF223A}.Release|x64.ActiveCfg = Release|Any CPU
		{6982C4C5-BA82-4A63-9AB5-C8B6E8EF223A}.Release|x64.Build.0 = Release|Any CPU
		{6982C4C5-BA82-4A63-9AB5-C8B6E8EF223A}.Release|x86.ActiveCfg = Release|Any CPU
		{6982C4C5-BA82-4A63-9AB5-C8B6E8EF223A}.Release|x86.Build.0 = Release|Any CPU
		{9E4B923E-4CAA-4077-A17D-BD713E8000FF}.Debug|Any CPU.ActiveCfg = Debug|Any CPU
		{9E4B923E-4CAA-4077-A17D-BD713E8000FF}.Debug|Any CPU.Build.0 = Debug|Any CPU
		{9E4B923E-4CAA-4077-A17D-BD713E8000FF}.Debug|x64.ActiveCfg = Debug|Any CPU
		{9E4B923E-4CAA-4077-A17D-BD713E8000FF}.Debug|x64.Build.0 = Debug|Any CPU
		{9E4B923E-4CAA-4077-A17D-BD713E8000FF}.Debug|x86.ActiveCfg = Debug|Any CPU
		{9E4B923E-4CAA-4077-A17D-BD713E8000FF}.Debug|x86.Build.0 = Debug|Any CPU
		{9E4B923E-4CAA-4077-A17D-BD713E8000FF}.Release|Any CPU.ActiveCfg = Release|Any CPU
		{9E4B923E-4CAA-4077-A17D-BD713E8000FF}.Release|Any CPU.Build.0 = Release|Any CPU
		{9E4B923E-4CAA-4077-A17D-BD713E8000FF}.Release|x64.ActiveCfg = Release|Any CPU
		{9E4B923E-4CAA-4077-A17D-BD713E8000FF}.Release|x64.Build.0 = Release|Any CPU
		{9E4B923E-4CAA-4077-A17D-BD713E8000FF}.Release|x86.ActiveCfg = Release|Any CPU
		{9E4B923E-4CAA-4077-A17D-BD713E8000FF}.Release|x86.Build.0 = Release|Any CPU
		{7131B9F5-8F72-4BE2-A349-F218895BB5EE}.Debug|Any CPU.ActiveCfg = Debug|Any CPU
		{7131B9F5-8F72-4BE2-A349-F218895BB5EE}.Debug|Any CPU.Build.0 = Debug|Any CPU
		{7131B9F5-8F72-4BE2-A349-F218895BB5EE}.Debug|x64.ActiveCfg = Debug|Any CPU
		{7131B9F5-8F72-4BE2-A349-F218895BB5EE}.Debug|x64.Build.0 = Debug|Any CPU
		{7131B9F5-8F72-4BE2-A349-F218895BB5EE}.Debug|x86.ActiveCfg = Debug|Any CPU
		{7131B9F5-8F72-4BE2-A349-F218895BB5EE}.Debug|x86.Build.0 = Debug|Any CPU
		{7131B9F5-8F72-4BE2-A349-F218895BB5EE}.Release|Any CPU.ActiveCfg = Release|Any CPU
		{7131B9F5-8F72-4BE2-A349-F218895BB5EE}.Release|Any CPU.Build.0 = Release|Any CPU
		{7131B9F5-8F72-4BE2-A349-F218895BB5EE}.Release|x64.ActiveCfg = Release|Any CPU
		{7131B9F5-8F72-4BE2-A349-F218895BB5EE}.Release|x64.Build.0 = Release|Any CPU
		{7131B9F5-8F72-4BE2-A349-F218895BB5EE}.Release|x86.ActiveCfg = Release|Any CPU
		{7131B9F5-8F72-4BE2-A349-F218895BB5EE}.Release|x86.Build.0 = Release|Any CPU
	EndGlobalSection
EndGlobal
